
Microsoft Visual Studio Solution File, Format Version 12.00
# Visual Studio 15
VisualStudioVersion = 15.0.28010.2026
MinimumVisualStudioVersion = 10.0.40219.1
Project("{FAE04EC0-301F-11D3-BF4B-00C04F79EFBC}") = "AddAcademicLoad", "AddAcademicLoad\AddAcademicLoad.csproj", "{EDF25764-719B-456F-8E81-623EC4D17074}"
EndProject
Global
	GlobalSection(SolutionConfigurationPlatforms) = preSolution
		Debug|Any CPU = Debug|Any CPU
		Release|Any CPU = Release|Any CPU
	EndGlobalSection
	GlobalSection(ProjectConfigurationPlatforms) = postSolution
		{EDF25764-719B-456F-8E81-623EC4D17074}.Debug|Any CPU.ActiveCfg = Debug|Any CPU
		{EDF25764-719B-456F-8E81-623EC4D17074}.Debug|Any CPU.Build.0 = Debug|Any CPU
		{EDF25764-719B-456F-8E81-623EC4D17074}.Release|Any CPU.ActiveCfg = Release|Any CPU
		{EDF25764-719B-456F-8E81-623EC4D17074}.Release|Any CPU.Build.0 = Release|Any CPU
	EndGlobalSection
	GlobalSection(SolutionProperties) = preSolution
		HideSolutionNode = FALSE
	EndGlobalSection
	GlobalSection(ExtensibilityGlobals) = postSolution
		SolutionGuid = {BEC9ED88-70F1-4275-A62B-223435362CE6}
	EndGlobalSection
EndGlobal
