
Microsoft Visual Studio Solution File, Format Version 12.00
# Visual Studio 15
VisualStudioVersion = 15.0.28307.852
MinimumVisualStudioVersion = 10.0.40219.1
Project("{FAE04EC0-301F-11D3-BF4B-00C04F79EFBC}") = "TimetableOfClasses", "TimetableOfClasses\TimetableOfClasses.csproj", "{8E04A57B-7C6F-436C-B9F7-40B669DDD55A}"
EndProject
Project("{FAE04EC0-301F-11D3-BF4B-00C04F79EFBC}") = "LibOfTimetableOfClasses", "LibOfTimetableOfClasses\LibOfTimetableOfClasses.csproj", "{93A4D5CC-B39E-480D-9A5E-9F7BB97FF8A5}"
EndProject
Project("{FAE04EC0-301F-11D3-BF4B-00C04F79EFBC}") = "UnitTestOfTimetableOfClasses", "UnitTestOfTimetableOfClasses\UnitTestOfTimetableOfClasses.csproj", "{E6F16B7B-F973-481D-954B-60CCF9A6600A}"
EndProject
Project("{2150E333-8FDC-42A3-9474-1A3956D46DE8}") = "Solution Items", "Solution Items", "{946757A0-6466-4894-BEF1-C02F9BB30139}"
EndProject
Global
	GlobalSection(SolutionConfigurationPlatforms) = preSolution
		Debug|Any CPU = Debug|Any CPU
		Release|Any CPU = Release|Any CPU
	EndGlobalSection
	GlobalSection(ProjectConfigurationPlatforms) = postSolution
		{8E04A57B-7C6F-436C-B9F7-40B669DDD55A}.Debug|Any CPU.ActiveCfg = Debug|Any CPU
		{8E04A57B-7C6F-436C-B9F7-40B669DDD55A}.Debug|Any CPU.Build.0 = Debug|Any CPU
		{8E04A57B-7C6F-436C-B9F7-40B669DDD55A}.Release|Any CPU.ActiveCfg = Release|Any CPU
		{8E04A57B-7C6F-436C-B9F7-40B669DDD55A}.Release|Any CPU.Build.0 = Release|Any CPU
		{93A4D5CC-B39E-480D-9A5E-9F7BB97FF8A5}.Debug|Any CPU.ActiveCfg = Debug|Any CPU
		{93A4D5CC-B39E-480D-9A5E-9F7BB97FF8A5}.Debug|Any CPU.Build.0 = Debug|Any CPU
		{93A4D5CC-B39E-480D-9A5E-9F7BB97FF8A5}.Release|Any CPU.ActiveCfg = Release|Any CPU
		{93A4D5CC-B39E-480D-9A5E-9F7BB97FF8A5}.Release|Any CPU.Build.0 = Release|Any CPU
		{E6F16B7B-F973-481D-954B-60CCF9A6600A}.Debug|Any CPU.ActiveCfg = Debug|Any CPU
		{E6F16B7B-F973-481D-954B-60CCF9A6600A}.Debug|Any CPU.Build.0 = Debug|Any CPU
		{E6F16B7B-F973-481D-954B-60CCF9A6600A}.Release|Any CPU.ActiveCfg = Release|Any CPU
		{E6F16B7B-F973-481D-954B-60CCF9A6600A}.Release|Any CPU.Build.0 = Release|Any CPU
	EndGlobalSection
	GlobalSection(SolutionProperties) = preSolution
		HideSolutionNode = FALSE
	EndGlobalSection
	GlobalSection(ExtensibilityGlobals) = postSolution
		SolutionGuid = {44D61B09-2A64-4BA4-8CBC-E57CFC9CD03D}
	EndGlobalSection
EndGlobal
